<?xml version="1.0" encoding="utf-8"?>
<Project ToolsVersion="4.0" xmlns="http://schemas.microsoft.com/developer/msbuild/2003">
  <ItemGroup>
    <ClCompile Include="DataTables\AllItemTable.cpp" />
    <ClCompile Include="Animation\AnimationClip.cpp" />
    <ClCompile Include="Animation\AnimationController.cpp" />
    <ClCompile Include="Gameobjects\Axe.cpp" />
    <ClCompile Include="DataTables\ClipTable.cpp" />
    <ClCompile Include="DataTables\DataTable.cpp" />
    <ClCompile Include="DataTables\StringTable.cpp" />
    <ClCompile Include="Framework\DataTableMgr.cpp" />
    <ClCompile Include="Framework\Framework.cpp" />
    <ClCompile Include="Framework\InputMgr.cpp" />
    <ClCompile Include="GameObjects\GameObject.cpp" />
    <ClCompile Include="GameObjects\Player2.cpp" />
    <ClCompile Include="GameObjects\RectangleGo.cpp" />
    <ClCompile Include="GameObjects\SpriteEffect.cpp" />
    <ClCompile Include="Gameobjects\TextGo.cpp" />
    <ClCompile Include="Gameobjects\TileMap.cpp" />
    <ClCompile Include="GameObjects\VertexArrayGo.cpp" />
    <ClCompile Include="Global\Utils.cpp" />
    <ClCompile Include="GameObjects\Ground.cpp" />
    <ClCompile Include="Gameobjects\Hoe.cpp" />
    <ClCompile Include="Gameobjects\Inventory.cpp" />
    <ClCompile Include="main.cpp" />
    <ClCompile Include="Framework\ResourceMgr.cpp" />
    <ClCompile Include="Gameobjects\Pickax.cpp" />
    <ClCompile Include="Gameobjects\RootingItem.cpp" />
    <ClCompile Include="Gameobjects\QuickInventory.cpp" />
    <ClCompile Include="Scenes\SceneEditor.cpp" />
    <ClCompile Include="Scenes\Scene.cpp" />
    <ClCompile Include="Scenes\SceneGame.cpp" />
    <ClCompile Include="Framework\SceneMgr.cpp" />
    <ClCompile Include="GameObjects\SpriteGo.cpp" />
    <ClCompile Include="Global\Variables.cpp" />
    <ClCompile Include="GameObjects\UiButton.cpp" />
    <ClCompile Include="Gameobjects\Wall.cpp" />
    <ClCompile Include="DataTables\WallTable.cpp" />
    <ClCompile Include="Gameobjects\Scythe.cpp" />
    <ClCompile Include="Gameobjects\SliceImageGo.cpp" />
    <ClCompile Include="Gameobjects\Wateringcan.cpp" />
    <ClCompile Include="Gameobjects\Slot.cpp" />
    <ClCompile Include="Scenes\SceneTitle.cpp" />
    <ClCompile Include="Gameobjects\ShopTap.cpp" />
    <ClCompile Include="Gameobjects\ShopSlot.cpp" />
    <ClCompile Include="Gameobjects\ShopInterior.cpp" />
    <ClCompile Include="Gameobjects\ShopInvenSlot.cpp" />
    <ClCompile Include="Gameobjects\HomeInterior.cpp" />
    <ClCompile Include="Gameobjects\HomeTap.cpp" />
    <ClCompile Include="Gameobjects\RectButton.cpp" />
  </ItemGroup>
  <ItemGroup>
    <ClInclude Include="3rd\rapidcsv.h" />
    <ClInclude Include="DataTables\AllItemTable.h" />
    <ClInclude Include="Animation\AnimationController.h" />
    <ClInclude Include="Animation\AnimationClip.h" />
    <ClInclude Include="Gameobjects\Axe.h" />
    <ClInclude Include="DataTables\ClipTable.h" />
    <ClInclude Include="DataTables\DataTable.h" />
    <ClInclude Include="DataTables\StringTable.h" />
    <ClInclude Include="Framework\DataTableMgr.h" />
    <ClInclude Include="Framework\ObjectPool.h" />
    <ClInclude Include="GameObjects\GameObject.h" />
    <ClInclude Include="GameObjects\Player2.h" />
    <ClInclude Include="GameObjects\RectangleGo.h" />
    <ClInclude Include="GameObjects\SpriteEffect.h" />
    <ClInclude Include="Gameobjects\TextGo.h" />
    <ClInclude Include="Gameobjects\TileMap.h" />
    <ClInclude Include="GameObjects\VertexArrayGo.h" />
    <ClInclude Include="Global\Defines.h" />
    <ClInclude Include="Framework\Framework.h" />
    <ClInclude Include="Framework\InputMgr.h" />
    <ClInclude Include="Framework\ResourceMgr.h" />
    <ClInclude Include="Global\Utils.h" />
    <ClInclude Include="GameObjects\Ground.h" />
    <ClInclude Include="Gameobjects\Hoe.h" />
    <ClInclude Include="Gameobjects\SliceImageGo.h" />
    <ClInclude Include="Gameobjects\Inventory.h" />
    <ClInclude Include="Gameobjects\Item.h" />
    <ClInclude Include="Gameobjects\Pickax.h" />
    <ClInclude Include="Gameobjects\RootingItem.h" />
    <ClInclude Include="Gameobjects\QuickInventory.h" />
    <ClInclude Include="Scenes\SceneEditor.h" />
    <ClInclude Include="Scenes\Scene.h" />
    <ClInclude Include="Scenes\SceneGame.h" />
    <ClInclude Include="Framework\SceneMgr.h" />
    <ClInclude Include="Global\Singleton.h" />
    <ClInclude Include="GameObjects\SpriteGo.h" />
    <ClInclude Include="Gameobjects\Wall.h" />
    <ClInclude Include="DataTables\WallTable.h" />
    <ClInclude Include="Gameobjects\Scythe.h" />
    <ClInclude Include="Gameobjects\Slot.h" />
    <ClInclude Include="Scenes\SceneTitle.h" />
    <ClInclude Include="Gameobjects\ShopTap.h" />
    <ClInclude Include="Gameobjects\ShopSlot.h" />
    <ClInclude Include="Gameobjects\ShopInterior.h" />
    <ClInclude Include="stdafx.h" />
    <ClInclude Include="Global\Variables.h" />
    <ClInclude Include="GameObjects\UiButton.h" />
    <ClInclude Include="Gameobjects\Wateringcan.h" />
    <ClInclude Include="Gameobjects\ShopInvenSlot.h" />
    <ClInclude Include="Gameobjects\HomeInterior.h" />
    <ClInclude Include="Gameobjects\HomeTap.h" />
    <ClInclude Include="Gameobjects\RectButton.h" />
  </ItemGroup>
</Project>